
Microsoft Visual Studio Solution File, Format Version 12.00
# Visual Studio Version 16
VisualStudioVersion = 16.0.30907.101
MinimumVisualStudioVersion = 10.0.40219.1
Project("{FAE04EC0-301F-11D3-BF4B-00C04F79EFBC}") = "DI_Tema5_Ejer4_Ahorcado", "DI_Tema5_Ejer4_Ahorcado\DI_Tema5_Ejer4_Ahorcado.csproj", "{393B1156-40A0-46CB-BDAB-58E03AA99880}"
EndProject
Project("{FAE04EC0-301F-11D3-BF4B-00C04F79EFBC}") = "Prueba", "Prueba\Prueba.csproj", "{D93C5784-8921-4E00-B812-9D0A527C79E9}"
EndProject
Global
	GlobalSection(SolutionConfigurationPlatforms) = preSolution
		Debug|Any CPU = Debug|Any CPU
		Release|Any CPU = Release|Any CPU
	EndGlobalSection
	GlobalSection(ProjectConfigurationPlatforms) = postSolution
		{393B1156-40A0-46CB-BDAB-58E03AA99880}.Debug|Any CPU.ActiveCfg = Debug|Any CPU
		{393B1156-40A0-46CB-BDAB-58E03AA99880}.Debug|Any CPU.Build.0 = Debug|Any CPU
		{393B1156-40A0-46CB-BDAB-58E03AA99880}.Release|Any CPU.ActiveCfg = Release|Any CPU
		{393B1156-40A0-46CB-BDAB-58E03AA99880}.Release|Any CPU.Build.0 = Release|Any CPU
		{D93C5784-8921-4E00-B812-9D0A527C79E9}.Debug|Any CPU.ActiveCfg = Debug|Any CPU
		{D93C5784-8921-4E00-B812-9D0A527C79E9}.Debug|Any CPU.Build.0 = Debug|Any CPU
		{D93C5784-8921-4E00-B812-9D0A527C79E9}.Release|Any CPU.ActiveCfg = Release|Any CPU
		{D93C5784-8921-4E00-B812-9D0A527C79E9}.Release|Any CPU.Build.0 = Release|Any CPU
	EndGlobalSection
	GlobalSection(SolutionProperties) = preSolution
		HideSolutionNode = FALSE
	EndGlobalSection
	GlobalSection(ExtensibilityGlobals) = postSolution
		SolutionGuid = {AECA7CDC-139F-413F-A246-1FAA9097DC9E}
	EndGlobalSection
EndGlobal
